# This file is automatically @generated by Cargo.
# It is not intended for manual editing.
version = 3

[[package]]
name = "aho-corasick"
version = "1.1.2"
source = "registry+https://github.com/rust-lang/crates.io-index"
checksum = "b2969dcb958b36655471fc61f7e416fa76033bdd4bfed0678d8fee1e2d07a1f0"
dependencies = [
 "memchr",
]

[[package]]
name = "anyhow"
version = "1.0.72"
source = "registry+https://github.com/rust-lang/crates.io-index"
checksum = "3b13c32d80ecc7ab747b80c3784bce54ee8a7a0cc4fbda9bf4cda2cf6fe90854"

[[package]]
name = "approx"
version = "0.5.1"
source = "registry+https://github.com/rust-lang/crates.io-index"
checksum = "cab112f0a86d568ea0e627cc1d6be74a1e9cd55214684db5561995f6dad897c6"
dependencies = [
 "num-traits",
]

[[package]]
name = "autocfg"
version = "1.1.0"
source = "registry+https://github.com/rust-lang/crates.io-index"
checksum = "d468802bab17cbc0cc575e9b053f41e72aa36bfa6b7f55e3529ffa43161b97fa"

[[package]]
name = "bitflags"
version = "2.4.2"
source = "registry+https://github.com/rust-lang/crates.io-index"
checksum = "ed570934406eb16438a4e976b1b4500774099c13b8cb96eec99f620f05090ddf"

[[package]]
name = "bulwark-decision"
version = "0.4.0"
dependencies = [
 "approx",
 "strum",
 "strum_macros",
 "thiserror",
 "validator",
]

[[package]]
name = "bulwark-evil-bit"
version = "0.1.0"
dependencies = [
 "bulwark-sdk",
 "wit-bindgen 0.17.1",
]

[[package]]
name = "bulwark-sdk"
version = "0.4.0"
dependencies = [
 "anyhow",
 "bulwark-decision",
 "bulwark-sdk-macros",
 "bytes",
 "forwarded-header-value",
 "http",
 "serde_json",
 "thiserror",
 "validator",
 "wit-bindgen 0.24.0",
]

[[package]]
name = "bulwark-sdk-macros"
version = "0.4.0"
dependencies = [
 "proc-macro2",
 "quote",
 "syn 2.0.48",
]

[[package]]
name = "bytes"
version = "1.5.0"
source = "registry+https://github.com/rust-lang/crates.io-index"
checksum = "a2bd12c1caf447e69cd4528f47f94d203fd2582878ecb9e9465484c4148a8223"

[[package]]
name = "equivalent"
version = "1.0.1"
source = "registry+https://github.com/rust-lang/crates.io-index"
checksum = "5443807d6dff69373d433ab9ef5378ad8df50ca6298caf15de6e52e24aaf54d5"

[[package]]
name = "fnv"
version = "1.0.7"
source = "registry+https://github.com/rust-lang/crates.io-index"
checksum = "3f9eec918d3f24069decb9af1554cad7c880e2da24a9afd88aca000531ab82c1"

[[package]]
name = "form_urlencoded"
version = "1.2.1"
source = "registry+https://github.com/rust-lang/crates.io-index"
checksum = "e13624c2627564efccf4934284bdd98cbaa14e79b0b5a141218e507b3a823456"
dependencies = [
 "percent-encoding",
]

[[package]]
name = "forwarded-header-value"
version = "0.1.1"
source = "registry+https://github.com/rust-lang/crates.io-index"
checksum = "8835f84f38484cc86f110a805655697908257fb9a7af005234060891557198e9"
dependencies = [
 "nonempty",
 "thiserror",
]

[[package]]
name = "hashbrown"
version = "0.14.3"
source = "registry+https://github.com/rust-lang/crates.io-index"
checksum = "290f1a1d9242c78d09ce40a5e87e7554ee637af1351968159f4952f028f75604"

[[package]]
name = "heck"
version = "0.4.1"
source = "registry+https://github.com/rust-lang/crates.io-index"
checksum = "95505c38b4572b2d910cecb0281560f54b440a19336cbbcb27bf6ce6adc6f5a8"
dependencies = [
 "unicode-segmentation",
]

[[package]]
name = "http"
version = "1.0.0"
source = "registry+https://github.com/rust-lang/crates.io-index"
checksum = "b32afd38673a8016f7c9ae69e5af41a58f81b1d31689040f2f1959594ce194ea"
dependencies = [
 "bytes",
 "fnv",
 "itoa",
]

[[package]]
name = "id-arena"
version = "2.2.1"
source = "registry+https://github.com/rust-lang/crates.io-index"
checksum = "25a2bc672d1148e28034f176e01fffebb08b35768468cc954630da77a1449005"

[[package]]
name = "idna"
version = "0.4.0"
source = "registry+https://github.com/rust-lang/crates.io-index"
checksum = "7d20d6b07bfbc108882d88ed8e37d39636dcc260e15e30c45e6ba089610b917c"
dependencies = [
 "unicode-bidi",
 "unicode-normalization",
]

[[package]]
name = "idna"
version = "0.5.0"
source = "registry+https://github.com/rust-lang/crates.io-index"
checksum = "634d9b1461af396cad843f47fdba5597a4f9e6ddd4bfb6ff5d85028c25cb12f6"
dependencies = [
 "unicode-bidi",
 "unicode-normalization",
]

[[package]]
name = "if_chain"
version = "1.0.2"
source = "registry+https://github.com/rust-lang/crates.io-index"
checksum = "cb56e1aa765b4b4f3aadfab769793b7087bb03a4ea4920644a6d238e2df5b9ed"

[[package]]
name = "indexmap"
version = "2.2.3"
source = "registry+https://github.com/rust-lang/crates.io-index"
checksum = "233cf39063f058ea2caae4091bf4a3ef70a653afbc026f5c4a4135d114e3c177"
dependencies = [
 "equivalent",
 "hashbrown",
 "serde",
]

[[package]]
name = "itoa"
version = "1.0.10"
source = "registry+https://github.com/rust-lang/crates.io-index"
checksum = "b1a46d1a171d865aa5f83f92695765caa047a9b4cbae2cbf37dbd613a793fd4c"

[[package]]
name = "lazy_static"
version = "1.4.0"
source = "registry+https://github.com/rust-lang/crates.io-index"
checksum = "e2abad23fbc42b3700f2f279844dc832adb2b2eb069b2df918f455c4e18cc646"

[[package]]
name = "leb128"
version = "0.2.5"
source = "registry+https://github.com/rust-lang/crates.io-index"
checksum = "884e2677b40cc8c339eaefcb701c32ef1fd2493d71118dc0ca4b6a736c93bd67"

[[package]]
name = "log"
version = "0.4.20"
source = "registry+https://github.com/rust-lang/crates.io-index"
checksum = "b5e6163cb8c49088c2c36f57875e58ccd8c87c7427f7fbd50ea6710b2f3f2e8f"

[[package]]
name = "memchr"
version = "2.7.1"
source = "registry+https://github.com/rust-lang/crates.io-index"
checksum = "523dc4f511e55ab87b694dc30d0f820d60906ef06413f93d4d7a1385599cc149"

[[package]]
name = "nonempty"
version = "0.7.0"
source = "registry+https://github.com/rust-lang/crates.io-index"
checksum = "e9e591e719385e6ebaeb5ce5d3887f7d5676fceca6411d1925ccc95745f3d6f7"

[[package]]
name = "num-traits"
version = "0.2.18"
source = "registry+https://github.com/rust-lang/crates.io-index"
checksum = "da0df0e5185db44f69b44f26786fe401b6c293d1907744beaa7fa62b2e5a517a"
dependencies = [
 "autocfg",
]

[[package]]
name = "percent-encoding"
version = "2.3.1"
source = "registry+https://github.com/rust-lang/crates.io-index"
checksum = "e3148f5046208a5d56bcfc03053e3ca6334e51da8dfb19b6cdc8b306fae3283e"

[[package]]
name = "proc-macro-error"
version = "1.0.4"
source = "registry+https://github.com/rust-lang/crates.io-index"
checksum = "da25490ff9892aab3fcf7c36f08cfb902dd3e71ca0f9f9517bea02a73a5ce38c"
dependencies = [
 "proc-macro-error-attr",
 "proc-macro2",
 "quote",
 "syn 1.0.109",
 "version_check",
]

[[package]]
name = "proc-macro-error-attr"
version = "1.0.4"
source = "registry+https://github.com/rust-lang/crates.io-index"
checksum = "a1be40180e52ecc98ad80b184934baf3d0d29f979574e439af5a55274b35f869"
dependencies = [
 "proc-macro2",
 "quote",
 "version_check",
]

[[package]]
name = "proc-macro2"
version = "1.0.78"
source = "registry+https://github.com/rust-lang/crates.io-index"
checksum = "e2422ad645d89c99f8f3e6b88a9fdeca7fabeac836b1002371c4367c8f984aae"
dependencies = [
 "unicode-ident",
]

[[package]]
name = "quote"
version = "1.0.35"
source = "registry+https://github.com/rust-lang/crates.io-index"
checksum = "291ec9ab5efd934aaf503a6466c5d5251535d108ee747472c3977cc5acc868ef"
dependencies = [
 "proc-macro2",
]

[[package]]
name = "regex"
version = "1.10.3"
source = "registry+https://github.com/rust-lang/crates.io-index"
checksum = "b62dbe01f0b06f9d8dc7d49e05a0785f153b00b2c227856282f671e0318c9b15"
dependencies = [
 "aho-corasick",
 "memchr",
 "regex-automata",
 "regex-syntax",
]

[[package]]
name = "regex-automata"
version = "0.4.5"
source = "registry+https://github.com/rust-lang/crates.io-index"
checksum = "5bb987efffd3c6d0d8f5f89510bb458559eab11e4f869acb20bf845e016259cd"
dependencies = [
 "aho-corasick",
 "memchr",
 "regex-syntax",
]

[[package]]
name = "regex-syntax"
version = "0.8.2"
source = "registry+https://github.com/rust-lang/crates.io-index"
checksum = "c08c74e62047bb2de4ff487b251e4a92e24f48745648451635cec7d591162d9f"

[[package]]
name = "rustversion"
version = "1.0.14"
source = "registry+https://github.com/rust-lang/crates.io-index"
checksum = "7ffc183a10b4478d04cbbbfc96d0873219d962dd5accaff2ffbd4ceb7df837f4"

[[package]]
name = "ryu"
version = "1.0.16"
source = "registry+https://github.com/rust-lang/crates.io-index"
checksum = "f98d2aa92eebf49b69786be48e4477826b256916e84a57ff2a4f21923b48eb4c"

[[package]]
name = "semver"
version = "1.0.21"
source = "registry+https://github.com/rust-lang/crates.io-index"
checksum = "b97ed7a9823b74f99c7742f5336af7be5ecd3eeafcb1507d1fa93347b1d589b0"

[[package]]
name = "serde"
version = "1.0.196"
source = "registry+https://github.com/rust-lang/crates.io-index"
checksum = "870026e60fa08c69f064aa766c10f10b1d62db9ccd4d0abb206472bee0ce3b32"
dependencies = [
 "serde_derive",
]

[[package]]
name = "serde_derive"
version = "1.0.196"
source = "registry+https://github.com/rust-lang/crates.io-index"
checksum = "33c85360c95e7d137454dc81d9a4ed2b8efd8fbe19cee57357b32b9771fccb67"
dependencies = [
 "proc-macro2",
 "quote",
 "syn 2.0.48",
]

[[package]]
name = "serde_json"
version = "1.0.113"
source = "registry+https://github.com/rust-lang/crates.io-index"
checksum = "69801b70b1c3dac963ecb03a364ba0ceda9cf60c71cfe475e99864759c8b8a79"
dependencies = [
 "itoa",
 "ryu",
 "serde",
]

[[package]]
name = "smallvec"
version = "1.13.1"
source = "registry+https://github.com/rust-lang/crates.io-index"
checksum = "e6ecd384b10a64542d77071bd64bd7b231f4ed5940fba55e98c3de13824cf3d7"

[[package]]
name = "spdx"
version = "0.10.3"
source = "registry+https://github.com/rust-lang/crates.io-index"
checksum = "62bde1398b09b9f93fc2fc9b9da86e362693e999d3a54a8ac47a99a5a73f638b"
dependencies = [
 "smallvec",
]

[[package]]
name = "strum"
version = "0.25.0"
source = "registry+https://github.com/rust-lang/crates.io-index"
checksum = "290d54ea6f91c969195bdbcd7442c8c2a2ba87da8bf60a7ee86a235d4bc1e125"

[[package]]
name = "strum_macros"
version = "0.25.3"
source = "registry+https://github.com/rust-lang/crates.io-index"
checksum = "23dc1fa9ac9c169a78ba62f0b841814b7abae11bdd047b9c58f893439e309ea0"
dependencies = [
 "heck",
 "proc-macro2",
 "quote",
 "rustversion",
 "syn 2.0.48",
]

[[package]]
name = "syn"
version = "1.0.109"
source = "registry+https://github.com/rust-lang/crates.io-index"
checksum = "72b64191b275b66ffe2469e8af2c1cfe3bafa67b529ead792a6d0160888b4237"
dependencies = [
 "proc-macro2",
 "quote",
 "unicode-ident",
]

[[package]]
name = "syn"
version = "2.0.48"
source = "registry+https://github.com/rust-lang/crates.io-index"
checksum = "0f3531638e407dfc0814761abb7c00a5b54992b849452a0646b7f65c9f770f3f"
dependencies = [
 "proc-macro2",
 "quote",
 "unicode-ident",
]

[[package]]
name = "thiserror"
version = "1.0.43"
source = "registry+https://github.com/rust-lang/crates.io-index"
checksum = "a35fc5b8971143ca348fa6df4f024d4d55264f3468c71ad1c2f365b0a4d58c42"
dependencies = [
 "thiserror-impl",
]

[[package]]
name = "thiserror-impl"
version = "1.0.43"
source = "registry+https://github.com/rust-lang/crates.io-index"
checksum = "463fe12d7993d3b327787537ce8dd4dfa058de32fc2b195ef3cde03dc4771e8f"
dependencies = [
 "proc-macro2",
 "quote",
 "syn 2.0.48",
]

[[package]]
name = "tinyvec"
version = "1.6.0"
source = "registry+https://github.com/rust-lang/crates.io-index"
checksum = "87cc5ceb3875bb20c2890005a4e226a4651264a5c75edb2421b52861a0a0cb50"
dependencies = [
 "tinyvec_macros",
]

[[package]]
name = "tinyvec_macros"
version = "0.1.1"
source = "registry+https://github.com/rust-lang/crates.io-index"
checksum = "1f3ccbac311fea05f86f61904b462b55fb3df8837a366dfc601a0161d0532f20"

[[package]]
name = "unicode-bidi"
version = "0.3.15"
source = "registry+https://github.com/rust-lang/crates.io-index"
checksum = "08f95100a766bf4f8f28f90d77e0a5461bbdb219042e7679bebe79004fed8d75"

[[package]]
name = "unicode-ident"
version = "1.0.12"
source = "registry+https://github.com/rust-lang/crates.io-index"
checksum = "3354b9ac3fae1ff6755cb6db53683adb661634f67557942dea4facebec0fee4b"

[[package]]
name = "unicode-normalization"
version = "0.1.22"
source = "registry+https://github.com/rust-lang/crates.io-index"
checksum = "5c5713f0fc4b5db668a2ac63cdb7bb4469d8c9fed047b1d0292cc7b0ce2ba921"
dependencies = [
 "tinyvec",
]

[[package]]
name = "unicode-segmentation"
version = "1.11.0"
source = "registry+https://github.com/rust-lang/crates.io-index"
checksum = "d4c87d22b6e3f4a18d4d40ef354e97c90fcb14dd91d7dc0aa9d8a1172ebf7202"

[[package]]
name = "unicode-xid"
version = "0.2.4"
source = "registry+https://github.com/rust-lang/crates.io-index"
checksum = "f962df74c8c05a667b5ee8bcf162993134c104e96440b663c8daa176dc772d8c"

[[package]]
name = "url"
version = "2.5.0"
source = "registry+https://github.com/rust-lang/crates.io-index"
checksum = "31e6302e3bb753d46e83516cae55ae196fc0c309407cf11ab35cc51a4c2a4633"
dependencies = [
 "form_urlencoded",
 "idna 0.5.0",
 "percent-encoding",
]

[[package]]
name = "validator"
version = "0.16.1"
source = "registry+https://github.com/rust-lang/crates.io-index"
checksum = "b92f40481c04ff1f4f61f304d61793c7b56ff76ac1469f1beb199b1445b253bd"
dependencies = [
 "idna 0.4.0",
 "lazy_static",
 "regex",
 "serde",
 "serde_derive",
 "serde_json",
 "url",
 "validator_derive",
]

[[package]]
name = "validator_derive"
version = "0.16.0"
source = "registry+https://github.com/rust-lang/crates.io-index"
checksum = "bc44ca3088bb3ba384d9aecf40c6a23a676ce23e09bdaca2073d99c207f864af"
dependencies = [
 "if_chain",
 "lazy_static",
 "proc-macro-error",
 "proc-macro2",
 "quote",
 "regex",
 "syn 1.0.109",
 "validator_types",
]

[[package]]
name = "validator_types"
version = "0.16.0"
source = "registry+https://github.com/rust-lang/crates.io-index"
checksum = "111abfe30072511849c5910134e8baf8dc05de4c0e5903d681cbd5c9c4d611e3"
dependencies = [
 "proc-macro2",
 "syn 1.0.109",
]

[[package]]
name = "version_check"
version = "0.9.4"
source = "registry+https://github.com/rust-lang/crates.io-index"
checksum = "49874b5167b65d7193b8aba1567f5c7d93d001cafc34600cee003eda787e483f"

[[package]]
name = "wasm-encoder"
version = "0.41.2"
source = "registry+https://github.com/rust-lang/crates.io-index"
checksum = "972f97a5d8318f908dded23594188a90bcd09365986b1163e66d70170e5287ae"
dependencies = [
 "leb128",
]

[[package]]
name = "wasm-encoder"
version = "0.202.0"
source = "registry+https://github.com/rust-lang/crates.io-index"
checksum = "bfd106365a7f5f7aa3c1916a98cbb3ad477f5ff96ddb130285a91c6e7429e67a"
dependencies = [
 "leb128",
]

[[package]]
name = "wasm-metadata"
version = "0.10.20"
source = "registry+https://github.com/rust-lang/crates.io-index"
checksum = "18ebaa7bd0f9e7a5e5dd29b9a998acf21c4abed74265524dd7e85934597bfb10"
dependencies = [
 "anyhow",
 "indexmap",
 "serde",
 "serde_derive",
 "serde_json",
 "spdx",
 "wasm-encoder 0.41.2",
 "wasmparser 0.121.2",
]

[[package]]
name = "wasm-metadata"
version = "0.202.0"
source = "registry+https://github.com/rust-lang/crates.io-index"
checksum = "094aea3cb90e09f16ee25a4c0e324b3e8c934e7fd838bfa039aef5352f44a917"
dependencies = [
 "anyhow",
 "indexmap",
 "serde",
 "serde_derive",
 "serde_json",
 "spdx",
 "wasm-encoder 0.202.0",
 "wasmparser 0.202.0",
]

[[package]]
name = "wasmparser"
version = "0.121.2"
source = "registry+https://github.com/rust-lang/crates.io-index"
checksum = "9dbe55c8f9d0dbd25d9447a5a889ff90c0cc3feaa7395310d3d826b2c703eaab"
dependencies = [
 "bitflags",
 "indexmap",
 "semver",
]

[[package]]
name = "wasmparser"
version = "0.202.0"
source = "registry+https://github.com/rust-lang/crates.io-index"
checksum = "d6998515d3cf3f8b980ef7c11b29a9b1017d4cf86b99ae93b546992df9931413"
dependencies = [
 "bitflags",
 "indexmap",
 "semver",
]

[[package]]
name = "wit-bindgen"
version = "0.17.1"
source = "registry+https://github.com/rust-lang/crates.io-index"
checksum = "d78a762c4fbc1bc0dedf4aaa280ac5ea87e0d3a7ec83487b7b25999a55ec4b73"
dependencies = [
 "bitflags",
 "wit-bindgen-rust-macro 0.17.1",
]

[[package]]
name = "wit-bindgen"
version = "0.24.0"
source = "registry+https://github.com/rust-lang/crates.io-index"
checksum = "9fb4e7653763780be47e38f479e9aa83c768aa6a3b2ed086dc2826fdbbb7e7f5"
dependencies = [
 "wit-bindgen-rt",
 "wit-bindgen-rust-macro 0.24.0",
]

[[package]]
name = "wit-bindgen-core"
version = "0.17.1"
source = "registry+https://github.com/rust-lang/crates.io-index"
checksum = "43cc97e83ffaabab15791f6fe7d7f8c4e1dc670243e460765c2830463d53bcdf"
dependencies = [
 "anyhow",
 "wit-component 0.21.0",
 "wit-parser 0.14.0",
]

[[package]]
name = "wit-bindgen-core"
version = "0.24.0"
source = "registry+https://github.com/rust-lang/crates.io-index"
checksum = "9b67e11c950041849a10828c7600ea62a4077c01e8af72e8593253575428f91b"
dependencies = [
 "anyhow",
 "wit-parser 0.202.0",
]

[[package]]
name = "wit-bindgen-rt"
version = "0.24.0"
source = "registry+https://github.com/rust-lang/crates.io-index"
checksum = "3b0780cf7046630ed70f689a098cd8d56c5c3b22f2a7379bbdb088879963ff96"
dependencies = [
 "bitflags",
]

[[package]]
name = "wit-bindgen-rust"
version = "0.17.1"
source = "registry+https://github.com/rust-lang/crates.io-index"
checksum = "a67b2ee0578e3e8be67f1d863b86e5d649bb16d56c85752eef5228967db103e2"
dependencies = [
 "anyhow",
 "heck",
 "wasm-metadata 0.10.20",
 "wit-bindgen-core 0.17.1",
 "wit-component 0.21.0",
]

[[package]]
name = "wit-bindgen-rust"
version = "0.24.0"
source = "registry+https://github.com/rust-lang/crates.io-index"
checksum = "30acbe8fb708c3a830a33c4cb705df82659bf831b492ec6ca1a17a369cfeeafb"
dependencies = [
 "anyhow",
 "heck",
 "indexmap",
 "wasm-metadata 0.202.0",
 "wit-bindgen-core 0.24.0",
 "wit-component 0.202.0",
]

[[package]]
name = "wit-bindgen-rust-macro"
version = "0.17.1"
source = "registry+https://github.com/rust-lang/crates.io-index"
checksum = "345a07e6740bc71c7da6e95e9547d89c54895b8a93fad9d192b67c1ec8358e32"
dependencies = [
 "anyhow",
 "proc-macro2",
 "quote",
 "syn 2.0.48",
 "wit-bindgen-core 0.17.1",
 "wit-bindgen-rust 0.17.1",
 "wit-component 0.21.0",
]

[[package]]
name = "wit-bindgen-rust-macro"
version = "0.24.0"
source = "registry+https://github.com/rust-lang/crates.io-index"
checksum = "2b1b06eae85feaecdf9f2854f7cac124e00d5a6e5014bfb02eb1ecdeb5f265b9"
dependencies = [
 "anyhow",
 "proc-macro2",
 "quote",
 "syn 2.0.48",
 "wit-bindgen-core 0.24.0",
 "wit-bindgen-rust 0.24.0",
]

[[package]]
name = "wit-component"
version = "0.21.0"
source = "registry+https://github.com/rust-lang/crates.io-index"
checksum = "be60cd1b2ff7919305301d0c27528d4867bd793afe890ba3837743da9655d91b"
dependencies = [
 "anyhow",
 "bitflags",
 "indexmap",
 "log",
 "serde",
 "serde_derive",
 "serde_json",
 "wasm-encoder 0.41.2",
 "wasm-metadata 0.10.20",
 "wasmparser 0.121.2",
 "wit-parser 0.14.0",
]

[[package]]
name = "wit-component"
version = "0.202.0"
source = "registry+https://github.com/rust-lang/crates.io-index"
checksum = "0c836b1fd9932de0431c1758d8be08212071b6bba0151f7bac826dbc4312a2a9"
dependencies = [
 "anyhow",
 "bitflags",
 "indexmap",
 "log",
 "serde",
 "serde_derive",
 "serde_json",
 "wasm-encoder 0.202.0",
 "wasm-metadata 0.202.0",
 "wasmparser 0.202.0",
 "wit-parser 0.202.0",
]

[[package]]
name = "wit-parser"
version = "0.14.0"
source = "registry+https://github.com/rust-lang/crates.io-index"
checksum = "1ee4ad7310367bf272507c0c8e0c74a80b4ed586b833f7c7ca0b7588f686f11a"
dependencies = [
 "anyhow",
 "id-arena",
 "indexmap",
 "log",
 "semver",
 "serde",
 "serde_derive",
 "serde_json",
 "unicode-xid",
 "wasmparser 0.121.2",
]

[[package]]
name = "wit-parser"
version = "0.202.0"
source = "registry+https://github.com/rust-lang/crates.io-index"
checksum = "744237b488352f4f27bca05a10acb79474415951c450e52ebd0da784c1df2bcc"
dependencies = [
 "anyhow",
 "id-arena",
 "indexmap",
 "log",
 "semver",
 "serde",
 "serde_derive",
 "serde_json",
 "unicode-xid",
 "wasmparser 0.202.0",
]
